
Microsoft Visual Studio Solution File, Format Version 12.00
# Visual Studio 15
VisualStudioVersion = 15.0.27428.2037
MinimumVisualStudioVersion = 10.0.40219.1
Project("{FAE04EC0-301F-11D3-BF4B-00C04F79EFBC}") = "AdoDomain", "AdoDomain\AdoDomain.csproj", "{A958D426-D0D5-4358-94B8-A43D41892D89}"
EndProject
Project("{FAE04EC0-301F-11D3-BF4B-00C04F79EFBC}") = "AdoWeb", "AdoWeb\AdoWeb.csproj", "{EB74EAC0-98E8-4E1A-90D5-2D298503E03F}"
EndProject
Global
	GlobalSection(SolutionConfigurationPlatforms) = preSolution
		Debug|Any CPU = Debug|Any CPU
		Release|Any CPU = Release|Any CPU
	EndGlobalSection
	GlobalSection(ProjectConfigurationPlatforms) = postSolution
		{A958D426-D0D5-4358-94B8-A43D41892D89}.Debug|Any CPU.ActiveCfg = Debug|Any CPU
		{A958D426-D0D5-4358-94B8-A43D41892D89}.Debug|Any CPU.Build.0 = Debug|Any CPU
		{A958D426-D0D5-4358-94B8-A43D41892D89}.Release|Any CPU.ActiveCfg = Release|Any CPU
		{A958D426-D0D5-4358-94B8-A43D41892D89}.Release|Any CPU.Build.0 = Release|Any CPU
		{EB74EAC0-98E8-4E1A-90D5-2D298503E03F}.Debug|Any CPU.ActiveCfg = Debug|Any CPU
		{EB74EAC0-98E8-4E1A-90D5-2D298503E03F}.Debug|Any CPU.Build.0 = Debug|Any CPU
		{EB74EAC0-98E8-4E1A-90D5-2D298503E03F}.Release|Any CPU.ActiveCfg = Release|Any CPU
		{EB74EAC0-98E8-4E1A-90D5-2D298503E03F}.Release|Any CPU.Build.0 = Release|Any CPU
	EndGlobalSection
	GlobalSection(SolutionProperties) = preSolution
		HideSolutionNode = FALSE
	EndGlobalSection
	GlobalSection(ExtensibilityGlobals) = postSolution
		SolutionGuid = {3D5B07C4-F1BB-4219-8C4F-CDCEA484DE83}
	EndGlobalSection
EndGlobal
