
Microsoft Visual Studio Solution File, Format Version 12.00
# Visual Studio 15
VisualStudioVersion = 15.0.27428.2037
MinimumVisualStudioVersion = 10.0.40219.1
Project("{FAE04EC0-301F-11D3-BF4B-00C04F79EFBC}") = "Core", "Core\Core.csproj", "{4494DECD-0206-41E7-BEED-1F4473D90469}"
EndProject
Project("{FAE04EC0-301F-11D3-BF4B-00C04F79EFBC}") = "Web", "Web\Web.csproj", "{95A9954F-C6DE-4866-811E-D377E4A708FB}"
EndProject
Global
	GlobalSection(SolutionConfigurationPlatforms) = preSolution
		Debug|Any CPU = Debug|Any CPU
		Release|Any CPU = Release|Any CPU
	EndGlobalSection
	GlobalSection(ProjectConfigurationPlatforms) = postSolution
		{4494DECD-0206-41E7-BEED-1F4473D90469}.Debug|Any CPU.ActiveCfg = Debug|Any CPU
		{4494DECD-0206-41E7-BEED-1F4473D90469}.Debug|Any CPU.Build.0 = Debug|Any CPU
		{4494DECD-0206-41E7-BEED-1F4473D90469}.Release|Any CPU.ActiveCfg = Release|Any CPU
		{4494DECD-0206-41E7-BEED-1F4473D90469}.Release|Any CPU.Build.0 = Release|Any CPU
		{95A9954F-C6DE-4866-811E-D377E4A708FB}.Debug|Any CPU.ActiveCfg = Debug|Any CPU
		{95A9954F-C6DE-4866-811E-D377E4A708FB}.Debug|Any CPU.Build.0 = Debug|Any CPU
		{95A9954F-C6DE-4866-811E-D377E4A708FB}.Release|Any CPU.ActiveCfg = Release|Any CPU
		{95A9954F-C6DE-4866-811E-D377E4A708FB}.Release|Any CPU.Build.0 = Release|Any CPU
	EndGlobalSection
	GlobalSection(SolutionProperties) = preSolution
		HideSolutionNode = FALSE
	EndGlobalSection
	GlobalSection(ExtensibilityGlobals) = postSolution
		SolutionGuid = {E0053DBC-6FDE-4BA2-B24D-1BA83BAA338D}
	EndGlobalSection
EndGlobal
