
Microsoft Visual Studio Solution File, Format Version 12.00
# Visual Studio 15
VisualStudioVersion = 15.0.27428.2037
MinimumVisualStudioVersion = 10.0.40219.1
Project("{FAE04EC0-301F-11D3-BF4B-00C04F79EFBC}") = "GisMeteoLibrary", "GisMeteoLibrary\GisMeteoLibrary.csproj", "{A667C725-64D6-4700-A934-614107D49476}"
EndProject
Project("{FAE04EC0-301F-11D3-BF4B-00C04F79EFBC}") = "GisMeteoApp", "GisMeteoApp\GisMeteoApp.csproj", "{7165DE4C-07A0-49B8-A8E7-BFB7B0A903B7}"
EndProject
Project("{2150E333-8FDC-42A3-9474-1A3956D46DE8}") = "ConsoleApp", "ConsoleApp", "{B8F6F2E5-FF1E-4E00-A6C7-AD14EB924E5D}"
EndProject
Project("{2150E333-8FDC-42A3-9474-1A3956D46DE8}") = "WcfApp", "WcfApp", "{15992EB6-1BB4-4E88-A349-E4D4582EABD9}"
EndProject
Project("{FAE04EC0-301F-11D3-BF4B-00C04F79EFBC}") = "WcfGisService", "WcfGisService\WcfGisService.csproj", "{F9576FA5-F855-4A99-83F4-42D69151EC9B}"
EndProject
Project("{FAE04EC0-301F-11D3-BF4B-00C04F79EFBC}") = "WpfGisApp", "WpfGisApp\WpfGisApp.csproj", "{5F77719F-2318-4D84-89DD-A9850C9794CE}"
	ProjectSection(ProjectDependencies) = postProject
		{F9576FA5-F855-4A99-83F4-42D69151EC9B} = {F9576FA5-F855-4A99-83F4-42D69151EC9B}
	EndProjectSection
EndProject
Global
	GlobalSection(SolutionConfigurationPlatforms) = preSolution
		Debug|Any CPU = Debug|Any CPU
		Release|Any CPU = Release|Any CPU
	EndGlobalSection
	GlobalSection(ProjectConfigurationPlatforms) = postSolution
		{A667C725-64D6-4700-A934-614107D49476}.Debug|Any CPU.ActiveCfg = Debug|Any CPU
		{A667C725-64D6-4700-A934-614107D49476}.Debug|Any CPU.Build.0 = Debug|Any CPU
		{A667C725-64D6-4700-A934-614107D49476}.Release|Any CPU.ActiveCfg = Release|Any CPU
		{A667C725-64D6-4700-A934-614107D49476}.Release|Any CPU.Build.0 = Release|Any CPU
		{7165DE4C-07A0-49B8-A8E7-BFB7B0A903B7}.Debug|Any CPU.ActiveCfg = Debug|Any CPU
		{7165DE4C-07A0-49B8-A8E7-BFB7B0A903B7}.Debug|Any CPU.Build.0 = Debug|Any CPU
		{7165DE4C-07A0-49B8-A8E7-BFB7B0A903B7}.Release|Any CPU.ActiveCfg = Release|Any CPU
		{7165DE4C-07A0-49B8-A8E7-BFB7B0A903B7}.Release|Any CPU.Build.0 = Release|Any CPU
		{F9576FA5-F855-4A99-83F4-42D69151EC9B}.Debug|Any CPU.ActiveCfg = Debug|Any CPU
		{F9576FA5-F855-4A99-83F4-42D69151EC9B}.Debug|Any CPU.Build.0 = Debug|Any CPU
		{F9576FA5-F855-4A99-83F4-42D69151EC9B}.Release|Any CPU.ActiveCfg = Release|Any CPU
		{F9576FA5-F855-4A99-83F4-42D69151EC9B}.Release|Any CPU.Build.0 = Release|Any CPU
		{5F77719F-2318-4D84-89DD-A9850C9794CE}.Debug|Any CPU.ActiveCfg = Debug|Any CPU
		{5F77719F-2318-4D84-89DD-A9850C9794CE}.Debug|Any CPU.Build.0 = Debug|Any CPU
		{5F77719F-2318-4D84-89DD-A9850C9794CE}.Release|Any CPU.ActiveCfg = Release|Any CPU
		{5F77719F-2318-4D84-89DD-A9850C9794CE}.Release|Any CPU.Build.0 = Release|Any CPU
	EndGlobalSection
	GlobalSection(SolutionProperties) = preSolution
		HideSolutionNode = FALSE
	EndGlobalSection
	GlobalSection(NestedProjects) = preSolution
		{A667C725-64D6-4700-A934-614107D49476} = {B8F6F2E5-FF1E-4E00-A6C7-AD14EB924E5D}
		{7165DE4C-07A0-49B8-A8E7-BFB7B0A903B7} = {B8F6F2E5-FF1E-4E00-A6C7-AD14EB924E5D}
		{F9576FA5-F855-4A99-83F4-42D69151EC9B} = {15992EB6-1BB4-4E88-A349-E4D4582EABD9}
		{5F77719F-2318-4D84-89DD-A9850C9794CE} = {15992EB6-1BB4-4E88-A349-E4D4582EABD9}
	EndGlobalSection
	GlobalSection(ExtensibilityGlobals) = postSolution
		SolutionGuid = {693C4A54-FC04-40A5-B7A4-668205847E7F}
	EndGlobalSection
EndGlobal
